// !$*UTF8*$!
{
	archiveVersion = 1;
	classes = {
	};
	objectVersion = 55;
	objects = {

/* Begin PBXBuildFile section */
		CE01CB27285FE1DF00C0D73D /* LocationRow.swift in Sources */ = {isa = PBXBuildFile; fileRef = CE01CB26285FE1DF00C0D73D /* LocationRow.swift */; };
		CE4783572885AA3B007393FB /* EpisodeCell.swift in Sources */ = {isa = PBXBuildFile; fileRef = CE4783562885AA3B007393FB /* EpisodeCell.swift */; };
		CE478359288B197C007393FB /* DetailCell.swift in Sources */ = {isa = PBXBuildFile; fileRef = CE478358288B197C007393FB /* DetailCell.swift */; };
		CE4AA5FF278392F200D188F0 /* LocationsList.swift in Sources */ = {isa = PBXBuildFile; fileRef = CE4AA5FE278392F200D188F0 /* LocationsList.swift */; };
		CE4AA601278392FE00D188F0 /* EpisodesList.swift in Sources */ = {isa = PBXBuildFile; fileRef = CE4AA600278392FE00D188F0 /* EpisodesList.swift */; };
		CE4AA6032783974100D188F0 /* Cloud.LocationResponse.swift in Sources */ = {isa = PBXBuildFile; fileRef = CE4AA6022783974100D188F0 /* Cloud.LocationResponse.swift */; };
		CE4AA6052783975300D188F0 /* Cloud.EpisodeResponse.swift in Sources */ = {isa = PBXBuildFile; fileRef = CE4AA6042783975300D188F0 /* Cloud.EpisodeResponse.swift */; };
		CE4AA6072784C57E00D188F0 /* CharacterDetailView.swift in Sources */ = {isa = PBXBuildFile; fileRef = CE4AA6062784C57E00D188F0 /* CharacterDetailView.swift */; };
		CE52A6AD279DE4610019319C /* LocationDetailView.swift in Sources */ = {isa = PBXBuildFile; fileRef = CE52A6AC279DE4610019319C /* LocationDetailView.swift */; };
		CE52A6AF279DE46E0019319C /* EpisodeDetailView.swift in Sources */ = {isa = PBXBuildFile; fileRef = CE52A6AE279DE46E0019319C /* EpisodeDetailView.swift */; };
		CE52A6B1279F56140019319C /* EpisodeRow.swift in Sources */ = {isa = PBXBuildFile; fileRef = CE52A6B0279F56140019319C /* EpisodeRow.swift */; };
		CE7FF2B32873BC4E00067A18 /* CharactersGrid.swift in Sources */ = {isa = PBXBuildFile; fileRef = CE7FF2B22873BC4E00067A18 /* CharactersGrid.swift */; };
		CEAB62BB287B5C7900ABD0A7 /* UINavigationControllerExtension.swift in Sources */ = {isa = PBXBuildFile; fileRef = CEAB62BA287B5C7900ABD0A7 /* UINavigationControllerExtension.swift */; };
		CEAB62BD287C6D5800ABD0A7 /* DetailText.swift in Sources */ = {isa = PBXBuildFile; fileRef = CEAB62BC287C6D5800ABD0A7 /* DetailText.swift */; };
		CEAB637D287CD72600ABD0A7 /* AppDelegate.swift in Sources */ = {isa = PBXBuildFile; fileRef = CEAB637C287CD72600ABD0A7 /* AppDelegate.swift */; };
		CEAB637F287CD72600ABD0A7 /* SceneDelegate.swift in Sources */ = {isa = PBXBuildFile; fileRef = CEAB637E287CD72600ABD0A7 /* SceneDelegate.swift */; };
		CEAB6381287CD72600ABD0A7 /* MainViewController.swift in Sources */ = {isa = PBXBuildFile; fileRef = CEAB6380287CD72600ABD0A7 /* MainViewController.swift */; };
		CEAB6386287CD72700ABD0A7 /* Assets.xcassets in Resources */ = {isa = PBXBuildFile; fileRef = CEAB6385287CD72700ABD0A7 /* Assets.xcassets */; };
		CEAB6389287CD72700ABD0A7 /* LaunchScreen.storyboard in Resources */ = {isa = PBXBuildFile; fileRef = CEAB6387287CD72700ABD0A7 /* LaunchScreen.storyboard */; };
		CEAB6390287CD90200ABD0A7 /* CharactersViewController.swift in Sources */ = {isa = PBXBuildFile; fileRef = CEAB638F287CD90200ABD0A7 /* CharactersViewController.swift */; };
		CEAB6392287CD92000ABD0A7 /* LocationsViewController.swift in Sources */ = {isa = PBXBuildFile; fileRef = CEAB6391287CD92000ABD0A7 /* LocationsViewController.swift */; };
		CEAB6394287CD92E00ABD0A7 /* EpisodesViewController.swift in Sources */ = {isa = PBXBuildFile; fileRef = CEAB6393287CD92E00ABD0A7 /* EpisodesViewController.swift */; };
		CEB4851827AF7665001B0BB5 /* CharacterCell.swift in Sources */ = {isa = PBXBuildFile; fileRef = CEB4851727AF7665001B0BB5 /* CharacterCell.swift */; };
		CEE3D79C27823E490078F12A /* RickAndMortyAPIDemoApp.swift in Sources */ = {isa = PBXBuildFile; fileRef = CEE3D79B27823E490078F12A /* RickAndMortyAPIDemoApp.swift */; };
		CEE3D79E27823E490078F12A /* MainView.swift in Sources */ = {isa = PBXBuildFile; fileRef = CEE3D79D27823E490078F12A /* MainView.swift */; };
		CEE3D7A027823E4A0078F12A /* Assets.xcassets in Resources */ = {isa = PBXBuildFile; fileRef = CEE3D79F27823E4A0078F12A /* Assets.xcassets */; };
		CEE3D7A327823E4A0078F12A /* Preview Assets.xcassets in Resources */ = {isa = PBXBuildFile; fileRef = CEE3D7A227823E4A0078F12A /* Preview Assets.xcassets */; };
		CEE3D7AD27823E4A0078F12A /* RickAndMortyAPIDemoTests.swift in Sources */ = {isa = PBXBuildFile; fileRef = CEE3D7AC27823E4A0078F12A /* RickAndMortyAPIDemoTests.swift */; };
		CEE3D7B727823E4A0078F12A /* RickAndMortyAPIDemoUITests.swift in Sources */ = {isa = PBXBuildFile; fileRef = CEE3D7B627823E4A0078F12A /* RickAndMortyAPIDemoUITests.swift */; };
		CEE3D7B927823E4A0078F12A /* RickAndMortyAPIDemoUITestsLaunchTests.swift in Sources */ = {isa = PBXBuildFile; fileRef = CEE3D7B827823E4A0078F12A /* RickAndMortyAPIDemoUITestsLaunchTests.swift */; };
		CEE3D7C927823E9C0078F12A /* Cloud.swift in Sources */ = {isa = PBXBuildFile; fileRef = CEE3D7C827823E9C0078F12A /* Cloud.swift */; };
		CEE3D7CB27823EA30078F12A /* Cloud.CharacterResponse.swift in Sources */ = {isa = PBXBuildFile; fileRef = CEE3D7CA27823EA30078F12A /* Cloud.CharacterResponse.swift */; };
		CEE3D7CE2782419B0078F12A /* Cloud.ErrorResponse.swift in Sources */ = {isa = PBXBuildFile; fileRef = CEE3D7CD2782419B0078F12A /* Cloud.ErrorResponse.swift */; };
		CEE3D7D0278244CB0078F12A /* ViewModel.swift in Sources */ = {isa = PBXBuildFile; fileRef = CEE3D7CF278244CB0078F12A /* ViewModel.swift */; };
		CEE3D7D3278264670078F12A /* Character.swift in Sources */ = {isa = PBXBuildFile; fileRef = CEE3D7D2278264670078F12A /* Character.swift */; };
		CEE3D7D52782652A0078F12A /* Location.swift in Sources */ = {isa = PBXBuildFile; fileRef = CEE3D7D42782652A0078F12A /* Location.swift */; };
		CEE3D7D7278265CB0078F12A /* Episode.swift in Sources */ = {isa = PBXBuildFile; fileRef = CEE3D7D6278265CB0078F12A /* Episode.swift */; };
		CEE3D7D927826F940078F12A /* CharactersList.swift in Sources */ = {isa = PBXBuildFile; fileRef = CEE3D7D827826F940078F12A /* CharactersList.swift */; };
		CEE3ECCE27852BB400C18E59 /* Cloud.InfoResponse.swift in Sources */ = {isa = PBXBuildFile; fileRef = CEE3ECCD27852BB400C18E59 /* Cloud.InfoResponse.swift */; };
		CEF4B2B9287E134500466174 /* ViewModel.swift in Sources */ = {isa = PBXBuildFile; fileRef = CEF4B2B8287E134500466174 /* ViewModel.swift */; };
		CEF4B2BB287E13D500466174 /* Location.swift in Sources */ = {isa = PBXBuildFile; fileRef = CEE3D7D42782652A0078F12A /* Location.swift */; };
		CEF4B2BC287E13D500466174 /* Episode.swift in Sources */ = {isa = PBXBuildFile; fileRef = CEE3D7D6278265CB0078F12A /* Episode.swift */; };
		CEF4B2BD287E13D500466174 /* Character.swift in Sources */ = {isa = PBXBuildFile; fileRef = CEE3D7D2278264670078F12A /* Character.swift */; };
		CEF4B2BE287E13DB00466174 /* Cloud.InfoResponse.swift in Sources */ = {isa = PBXBuildFile; fileRef = CEE3ECCD27852BB400C18E59 /* Cloud.InfoResponse.swift */; };
		CEF4B2BF287E13DB00466174 /* Cloud.CharacterResponse.swift in Sources */ = {isa = PBXBuildFile; fileRef = CEE3D7CA27823EA30078F12A /* Cloud.CharacterResponse.swift */; };
		CEF4B2C0287E13DB00466174 /* Cloud.LocationResponse.swift in Sources */ = {isa = PBXBuildFile; fileRef = CE4AA6022783974100D188F0 /* Cloud.LocationResponse.swift */; };
		CEF4B2C1287E13DB00466174 /* Cloud.EpisodeResponse.swift in Sources */ = {isa = PBXBuildFile; fileRef = CE4AA6042783975300D188F0 /* Cloud.EpisodeResponse.swift */; };
		CEF4B2C2287E13DB00466174 /* Cloud.ErrorResponse.swift in Sources */ = {isa = PBXBuildFile; fileRef = CEE3D7CD2782419B0078F12A /* Cloud.ErrorResponse.swift */; };
		CEF4B2C3287E13DB00466174 /* Cloud.swift in Sources */ = {isa = PBXBuildFile; fileRef = CEE3D7C827823E9C0078F12A /* Cloud.swift */; };
		CEF4B2C4287E13E000466174 /* UINavigationControllerExtension.swift in Sources */ = {isa = PBXBuildFile; fileRef = CEAB62BA287B5C7900ABD0A7 /* UINavigationControllerExtension.swift */; };
		CEF4B2C6287F206900466174 /* CharacterCell.swift in Sources */ = {isa = PBXBuildFile; fileRef = CEF4B2C5287F206900466174 /* CharacterCell.swift */; };
		CEF4B2C8287F6E4700466174 /* CharacterDetailViewController.swift in Sources */ = {isa = PBXBuildFile; fileRef = CEF4B2C7287F6E4700466174 /* CharacterDetailViewController.swift */; };
		CEF4B2CA287FAB6700466174 /* EpisodeDetailViewController.swift in Sources */ = {isa = PBXBuildFile; fileRef = CEF4B2C9287FAB6700466174 /* EpisodeDetailViewController.swift */; };
		CEF4B2CC287FAB7400466174 /* LocationDetailViewController.swift in Sources */ = {isa = PBXBuildFile; fileRef = CEF4B2CB287FAB7400466174 /* LocationDetailViewController.swift */; };
		CEF4B2CE287FAF7100466174 /* DetailNavigationController.swift in Sources */ = {isa = PBXBuildFile; fileRef = CEF4B2CD287FAF7100466174 /* DetailNavigationController.swift */; };
/* End PBXBuildFile section */

/* Begin PBXContainerItemProxy section */
		CEE3D7A927823E4A0078F12A /* PBXContainerItemProxy */ = {
			isa = PBXContainerItemProxy;
			containerPortal = CEE3D79027823E490078F12A /* Project object */;
			proxyType = 1;
			remoteGlobalIDString = CEE3D79727823E490078F12A;
			remoteInfo = RickAndMortyAPIDemo;
		};
		CEE3D7B327823E4A0078F12A /* PBXContainerItemProxy */ = {
			isa = PBXContainerItemProxy;
			containerPortal = CEE3D79027823E490078F12A /* Project object */;
			proxyType = 1;
			remoteGlobalIDString = CEE3D79727823E490078F12A;
			remoteInfo = RickAndMortyAPIDemo;
		};
/* End PBXContainerItemProxy section */

/* Begin PBXFileReference section */
		CE01CB26285FE1DF00C0D73D /* LocationRow.swift */ = {isa = PBXFileReference; lastKnownFileType = sourcecode.swift; path = LocationRow.swift; sourceTree = "<group>"; };
		CE4783562885AA3B007393FB /* EpisodeCell.swift */ = {isa = PBXFileReference; lastKnownFileType = sourcecode.swift; path = EpisodeCell.swift; sourceTree = "<group>"; };
		CE478358288B197C007393FB /* DetailCell.swift */ = {isa = PBXFileReference; lastKnownFileType = sourcecode.swift; path = DetailCell.swift; sourceTree = "<group>"; };
		CE4AA5FE278392F200D188F0 /* LocationsList.swift */ = {isa = PBXFileReference; lastKnownFileType = sourcecode.swift; path = LocationsList.swift; sourceTree = "<group>"; };
		CE4AA600278392FE00D188F0 /* EpisodesList.swift */ = {isa = PBXFileReference; lastKnownFileType = sourcecode.swift; path = EpisodesList.swift; sourceTree = "<group>"; };
		CE4AA6022783974100D188F0 /* Cloud.LocationResponse.swift */ = {isa = PBXFileReference; lastKnownFileType = sourcecode.swift; path = Cloud.LocationResponse.swift; sourceTree = "<group>"; };
		CE4AA6042783975300D188F0 /* Cloud.EpisodeResponse.swift */ = {isa = PBXFileReference; lastKnownFileType = sourcecode.swift; path = Cloud.EpisodeResponse.swift; sourceTree = "<group>"; };
		CE4AA6062784C57E00D188F0 /* CharacterDetailView.swift */ = {isa = PBXFileReference; lastKnownFileType = sourcecode.swift; path = CharacterDetailView.swift; sourceTree = "<group>"; };
		CE52A6AC279DE4610019319C /* LocationDetailView.swift */ = {isa = PBXFileReference; lastKnownFileType = sourcecode.swift; path = LocationDetailView.swift; sourceTree = "<group>"; };
		CE52A6AE279DE46E0019319C /* EpisodeDetailView.swift */ = {isa = PBXFileReference; lastKnownFileType = sourcecode.swift; path = EpisodeDetailView.swift; sourceTree = "<group>"; };
		CE52A6B0279F56140019319C /* EpisodeRow.swift */ = {isa = PBXFileReference; lastKnownFileType = sourcecode.swift; path = EpisodeRow.swift; sourceTree = "<group>"; };
		CE7FF2B22873BC4E00067A18 /* CharactersGrid.swift */ = {isa = PBXFileReference; lastKnownFileType = sourcecode.swift; path = CharactersGrid.swift; sourceTree = "<group>"; };
		CEAB62BA287B5C7900ABD0A7 /* UINavigationControllerExtension.swift */ = {isa = PBXFileReference; lastKnownFileType = sourcecode.swift; path = UINavigationControllerExtension.swift; sourceTree = "<group>"; };
		CEAB62BC287C6D5800ABD0A7 /* DetailText.swift */ = {isa = PBXFileReference; lastKnownFileType = sourcecode.swift; path = DetailText.swift; sourceTree = "<group>"; };
		CEAB637A287CD72600ABD0A7 /* RickAndMortyAPIDemo (UIKit).app */ = {isa = PBXFileReference; explicitFileType = wrapper.application; includeInIndex = 0; path = "RickAndMortyAPIDemo (UIKit).app"; sourceTree = BUILT_PRODUCTS_DIR; };
		CEAB637C287CD72600ABD0A7 /* AppDelegate.swift */ = {isa = PBXFileReference; lastKnownFileType = sourcecode.swift; path = AppDelegate.swift; sourceTree = "<group>"; };
		CEAB637E287CD72600ABD0A7 /* SceneDelegate.swift */ = {isa = PBXFileReference; lastKnownFileType = sourcecode.swift; path = SceneDelegate.swift; sourceTree = "<group>"; };
		CEAB6380287CD72600ABD0A7 /* MainViewController.swift */ = {isa = PBXFileReference; lastKnownFileType = sourcecode.swift; path = MainViewController.swift; sourceTree = "<group>"; };
		CEAB6385287CD72700ABD0A7 /* Assets.xcassets */ = {isa = PBXFileReference; lastKnownFileType = folder.assetcatalog; path = Assets.xcassets; sourceTree = "<group>"; };
		CEAB6388287CD72700ABD0A7 /* Base */ = {isa = PBXFileReference; lastKnownFileType = file.storyboard; name = Base; path = Base.lproj/LaunchScreen.storyboard; sourceTree = "<group>"; };
		CEAB638A287CD72700ABD0A7 /* Info.plist */ = {isa = PBXFileReference; lastKnownFileType = text.plist.xml; path = Info.plist; sourceTree = "<group>"; };
		CEAB638F287CD90200ABD0A7 /* CharactersViewController.swift */ = {isa = PBXFileReference; lastKnownFileType = sourcecode.swift; path = CharactersViewController.swift; sourceTree = "<group>"; };
		CEAB6391287CD92000ABD0A7 /* LocationsViewController.swift */ = {isa = PBXFileReference; lastKnownFileType = sourcecode.swift; path = LocationsViewController.swift; sourceTree = "<group>"; };
		CEAB6393287CD92E00ABD0A7 /* EpisodesViewController.swift */ = {isa = PBXFileReference; lastKnownFileType = sourcecode.swift; path = EpisodesViewController.swift; sourceTree = "<group>"; };
		CEB4851727AF7665001B0BB5 /* CharacterCell.swift */ = {isa = PBXFileReference; lastKnownFileType = sourcecode.swift; path = CharacterCell.swift; sourceTree = "<group>"; };
		CEE3D79827823E490078F12A /* RickAndMortyAPIDemo.app */ = {isa = PBXFileReference; explicitFileType = wrapper.application; includeInIndex = 0; path = RickAndMortyAPIDemo.app; sourceTree = BUILT_PRODUCTS_DIR; };
		CEE3D79B27823E490078F12A /* RickAndMortyAPIDemoApp.swift */ = {isa = PBXFileReference; lastKnownFileType = sourcecode.swift; path = RickAndMortyAPIDemoApp.swift; sourceTree = "<group>"; };
		CEE3D79D27823E490078F12A /* MainView.swift */ = {isa = PBXFileReference; lastKnownFileType = sourcecode.swift; path = MainView.swift; sourceTree = "<group>"; };
		CEE3D79F27823E4A0078F12A /* Assets.xcassets */ = {isa = PBXFileReference; lastKnownFileType = folder.assetcatalog; path = Assets.xcassets; sourceTree = "<group>"; };
		CEE3D7A227823E4A0078F12A /* Preview Assets.xcassets */ = {isa = PBXFileReference; lastKnownFileType = folder.assetcatalog; path = "Preview Assets.xcassets"; sourceTree = "<group>"; };
		CEE3D7A827823E4A0078F12A /* RickAndMortyAPIDemoTests.xctest */ = {isa = PBXFileReference; explicitFileType = wrapper.cfbundle; includeInIndex = 0; path = RickAndMortyAPIDemoTests.xctest; sourceTree = BUILT_PRODUCTS_DIR; };
		CEE3D7AC27823E4A0078F12A /* RickAndMortyAPIDemoTests.swift */ = {isa = PBXFileReference; lastKnownFileType = sourcecode.swift; path = RickAndMortyAPIDemoTests.swift; sourceTree = "<group>"; };
		CEE3D7B227823E4A0078F12A /* RickAndMortyAPIDemoUITests.xctest */ = {isa = PBXFileReference; explicitFileType = wrapper.cfbundle; includeInIndex = 0; path = RickAndMortyAPIDemoUITests.xctest; sourceTree = BUILT_PRODUCTS_DIR; };
		CEE3D7B627823E4A0078F12A /* RickAndMortyAPIDemoUITests.swift */ = {isa = PBXFileReference; lastKnownFileType = sourcecode.swift; path = RickAndMortyAPIDemoUITests.swift; sourceTree = "<group>"; };
		CEE3D7B827823E4A0078F12A /* RickAndMortyAPIDemoUITestsLaunchTests.swift */ = {isa = PBXFileReference; lastKnownFileType = sourcecode.swift; path = RickAndMortyAPIDemoUITestsLaunchTests.swift; sourceTree = "<group>"; };
		CEE3D7C827823E9C0078F12A /* Cloud.swift */ = {isa = PBXFileReference; fileEncoding = 4; lastKnownFileType = sourcecode.swift; path = Cloud.swift; sourceTree = "<group>"; };
		CEE3D7CA27823EA30078F12A /* Cloud.CharacterResponse.swift */ = {isa = PBXFileReference; fileEncoding = 4; lastKnownFileType = sourcecode.swift; path = Cloud.CharacterResponse.swift; sourceTree = "<group>"; };
		CEE3D7CD2782419B0078F12A /* Cloud.ErrorResponse.swift */ = {isa = PBXFileReference; lastKnownFileType = sourcecode.swift; path = Cloud.ErrorResponse.swift; sourceTree = "<group>"; };
		CEE3D7CF278244CB0078F12A /* ViewModel.swift */ = {isa = PBXFileReference; lastKnownFileType = sourcecode.swift; path = ViewModel.swift; sourceTree = "<group>"; };
		CEE3D7D2278264670078F12A /* Character.swift */ = {isa = PBXFileReference; lastKnownFileType = sourcecode.swift; path = Character.swift; sourceTree = "<group>"; };
		CEE3D7D42782652A0078F12A /* Location.swift */ = {isa = PBXFileReference; lastKnownFileType = sourcecode.swift; path = Location.swift; sourceTree = "<group>"; };
		CEE3D7D6278265CB0078F12A /* Episode.swift */ = {isa = PBXFileReference; lastKnownFileType = sourcecode.swift; path = Episode.swift; sourceTree = "<group>"; };
		CEE3D7D827826F940078F12A /* CharactersList.swift */ = {isa = PBXFileReference; lastKnownFileType = sourcecode.swift; path = CharactersList.swift; sourceTree = "<group>"; };
		CEE3ECCD27852BB400C18E59 /* Cloud.InfoResponse.swift */ = {isa = PBXFileReference; lastKnownFileType = sourcecode.swift; path = Cloud.InfoResponse.swift; sourceTree = "<group>"; };
		CEF4B2B8287E134500466174 /* ViewModel.swift */ = {isa = PBXFileReference; lastKnownFileType = sourcecode.swift; name = ViewModel.swift; path = "RickAndMortyAPIDemo (UIKit)/View/ViewModel.swift"; sourceTree = SOURCE_ROOT; };
		CEF4B2C5287F206900466174 /* CharacterCell.swift */ = {isa = PBXFileReference; lastKnownFileType = sourcecode.swift; path = CharacterCell.swift; sourceTree = "<group>"; };
		CEF4B2C7287F6E4700466174 /* CharacterDetailViewController.swift */ = {isa = PBXFileReference; lastKnownFileType = sourcecode.swift; path = CharacterDetailViewController.swift; sourceTree = "<group>"; };
		CEF4B2C9287FAB6700466174 /* EpisodeDetailViewController.swift */ = {isa = PBXFileReference; lastKnownFileType = sourcecode.swift; path = EpisodeDetailViewController.swift; sourceTree = "<group>"; };
		CEF4B2CB287FAB7400466174 /* LocationDetailViewController.swift */ = {isa = PBXFileReference; lastKnownFileType = sourcecode.swift; path = LocationDetailViewController.swift; sourceTree = "<group>"; };
		CEF4B2CD287FAF7100466174 /* DetailNavigationController.swift */ = {isa = PBXFileReference; lastKnownFileType = sourcecode.swift; path = DetailNavigationController.swift; sourceTree = "<group>"; };
/* End PBXFileReference section */

/* Begin PBXFrameworksBuildPhase section */
		CEAB6377287CD72600ABD0A7 /* Frameworks */ = {
			isa = PBXFrameworksBuildPhase;
			buildActionMask = 2147483647;
			files = (
			);
			runOnlyForDeploymentPostprocessing = 0;
		};
		CEE3D79527823E490078F12A /* Frameworks */ = {
			isa = PBXFrameworksBuildPhase;
			buildActionMask = 2147483647;
			files = (
			);
			runOnlyForDeploymentPostprocessing = 0;
		};
		CEE3D7A527823E4A0078F12A /* Frameworks */ = {
			isa = PBXFrameworksBuildPhase;
			buildActionMask = 2147483647;
			files = (
			);
			runOnlyForDeploymentPostprocessing = 0;
		};
		CEE3D7AF27823E4A0078F12A /* Frameworks */ = {
			isa = PBXFrameworksBuildPhase;
			buildActionMask = 2147483647;
			files = (
			);
			runOnlyForDeploymentPostprocessing = 0;
		};
/* End PBXFrameworksBuildPhase section */

/* Begin PBXGroup section */
		CEAB62B9287B5C6400ABD0A7 /* Extensions */ = {
			isa = PBXGroup;
			children = (
				CEAB62BA287B5C7900ABD0A7 /* UINavigationControllerExtension.swift */,
			);
			path = Extensions;
			sourceTree = "<group>";
		};
		CEAB6375287CD6BE00ABD0A7 /* Shared */ = {
			isa = PBXGroup;
			children = (
				CEAB62B9287B5C6400ABD0A7 /* Extensions */,
				CEE3D7CC27823EB00078F12A /* Cloud */,
				CEE3D7D1278264580078F12A /* Model */,
			);
			path = Shared;
			sourceTree = "<group>";
		};
		CEAB637B287CD72600ABD0A7 /* RickAndMortyAPIDemo (UIKit) */ = {
			isa = PBXGroup;
			children = (
				CEAB637C287CD72600ABD0A7 /* AppDelegate.swift */,
				CEAB637E287CD72600ABD0A7 /* SceneDelegate.swift */,
				CEF4B2BA287E136F00466174 /* View */,
				CEAB6385287CD72700ABD0A7 /* Assets.xcassets */,
				CEAB6387287CD72700ABD0A7 /* LaunchScreen.storyboard */,
				CEAB638A287CD72700ABD0A7 /* Info.plist */,
			);
			path = "RickAndMortyAPIDemo (UIKit)";
			sourceTree = "<group>";
		};
		CEAB638E287CD77400ABD0A7 /* ViewControllers */ = {
			isa = PBXGroup;
			children = (
				CEAB6380287CD72600ABD0A7 /* MainViewController.swift */,
				CEF4B2CD287FAF7100466174 /* DetailNavigationController.swift */,
				CEF4B2C7287F6E4700466174 /* CharacterDetailViewController.swift */,
				CEF4B2C9287FAB6700466174 /* EpisodeDetailViewController.swift */,
				CEF4B2CB287FAB7400466174 /* LocationDetailViewController.swift */,
				CEAB638F287CD90200ABD0A7 /* CharactersViewController.swift */,
				CEAB6391287CD92000ABD0A7 /* LocationsViewController.swift */,
				CEAB6393287CD92E00ABD0A7 /* EpisodesViewController.swift */,
			);
			path = ViewControllers;
			sourceTree = "<group>";
		};
		CEE3D78F27823E490078F12A = {
			isa = PBXGroup;
			children = (
				CEAB6375287CD6BE00ABD0A7 /* Shared */,
				CEE3D79A27823E490078F12A /* RickAndMortyAPIDemo */,
				CEE3D7AB27823E4A0078F12A /* RickAndMortyAPIDemoTests */,
				CEE3D7B527823E4A0078F12A /* RickAndMortyAPIDemoUITests */,
				CEAB637B287CD72600ABD0A7 /* RickAndMortyAPIDemo (UIKit) */,
				CEE3D79927823E490078F12A /* Products */,
			);
			sourceTree = "<group>";
		};
		CEE3D79927823E490078F12A /* Products */ = {
			isa = PBXGroup;
			children = (
				CEE3D79827823E490078F12A /* RickAndMortyAPIDemo.app */,
				CEE3D7A827823E4A0078F12A /* RickAndMortyAPIDemoTests.xctest */,
				CEE3D7B227823E4A0078F12A /* RickAndMortyAPIDemoUITests.xctest */,
				CEAB637A287CD72600ABD0A7 /* RickAndMortyAPIDemo (UIKit).app */,
			);
			name = Products;
			sourceTree = "<group>";
		};
		CEE3D79A27823E490078F12A /* RickAndMortyAPIDemo */ = {
			isa = PBXGroup;
			children = (
				CEE3D79B27823E490078F12A /* RickAndMortyAPIDemoApp.swift */,
				CEE3D7C727823E790078F12A /* View */,
				CEE3D79F27823E4A0078F12A /* Assets.xcassets */,
				CEE3D7A127823E4A0078F12A /* Preview Content */,
			);
			path = RickAndMortyAPIDemo;
			sourceTree = "<group>";
		};
		CEE3D7A127823E4A0078F12A /* Preview Content */ = {
			isa = PBXGroup;
			children = (
				CEE3D7A227823E4A0078F12A /* Preview Assets.xcassets */,
			);
			path = "Preview Content";
			sourceTree = "<group>";
		};
		CEE3D7AB27823E4A0078F12A /* RickAndMortyAPIDemoTests */ = {
			isa = PBXGroup;
			children = (
				CEE3D7AC27823E4A0078F12A /* RickAndMortyAPIDemoTests.swift */,
			);
			path = RickAndMortyAPIDemoTests;
			sourceTree = "<group>";
		};
		CEE3D7B527823E4A0078F12A /* RickAndMortyAPIDemoUITests */ = {
			isa = PBXGroup;
			children = (
				CEE3D7B627823E4A0078F12A /* RickAndMortyAPIDemoUITests.swift */,
				CEE3D7B827823E4A0078F12A /* RickAndMortyAPIDemoUITestsLaunchTests.swift */,
			);
			path = RickAndMortyAPIDemoUITests;
			sourceTree = "<group>";
		};
		CEE3D7C727823E790078F12A /* View */ = {
			isa = PBXGroup;
			children = (
				CEB4851727AF7665001B0BB5 /* CharacterCell.swift */,
				CEE3D79D27823E490078F12A /* MainView.swift */,
				CEE3D7D827826F940078F12A /* CharactersList.swift */,
				CE7FF2B22873BC4E00067A18 /* CharactersGrid.swift */,
				CE4AA6062784C57E00D188F0 /* CharacterDetailView.swift */,
				CE52A6B0279F56140019319C /* EpisodeRow.swift */,
				CE01CB26285FE1DF00C0D73D /* LocationRow.swift */,
				CE4AA5FE278392F200D188F0 /* LocationsList.swift */,
				CE4AA600278392FE00D188F0 /* EpisodesList.swift */,
				CE52A6AC279DE4610019319C /* LocationDetailView.swift */,
				CEAB62BC287C6D5800ABD0A7 /* DetailText.swift */,
				CE52A6AE279DE46E0019319C /* EpisodeDetailView.swift */,
				CEE3D7CF278244CB0078F12A /* ViewModel.swift */,
			);
			path = View;
			sourceTree = "<group>";
		};
		CEE3D7CC27823EB00078F12A /* Cloud */ = {
			isa = PBXGroup;
			children = (
				CEE3D7C827823E9C0078F12A /* Cloud.swift */,
				CEE3ECCD27852BB400C18E59 /* Cloud.InfoResponse.swift */,
				CEE3D7CA27823EA30078F12A /* Cloud.CharacterResponse.swift */,
				CE4AA6022783974100D188F0 /* Cloud.LocationResponse.swift */,
				CE4AA6042783975300D188F0 /* Cloud.EpisodeResponse.swift */,
				CEE3D7CD2782419B0078F12A /* Cloud.ErrorResponse.swift */,
			);
			path = Cloud;
			sourceTree = "<group>";
		};
		CEE3D7D1278264580078F12A /* Model */ = {
			isa = PBXGroup;
			children = (
				CEE3D7D2278264670078F12A /* Character.swift */,
				CEE3D7D6278265CB0078F12A /* Episode.swift */,
				CEE3D7D42782652A0078F12A /* Location.swift */,
			);
			path = Model;
			sourceTree = "<group>";
		};
		CEF4B2BA287E136F00466174 /* View */ = {
			isa = PBXGroup;
			children = (
				CEF4B2B8287E134500466174 /* ViewModel.swift */,
				CEAB638E287CD77400ABD0A7 /* ViewControllers */,
				CEF4B2C5287F206900466174 /* CharacterCell.swift */,
				CE4783562885AA3B007393FB /* EpisodeCell.swift */,
				CE478358288B197C007393FB /* DetailCell.swift */,
			);
			path = View;
			sourceTree = "<group>";
		};
/* End PBXGroup section */

/* Begin PBXNativeTarget section */
		CEAB6379287CD72600ABD0A7 /* RickAndMortyAPIDemo (UIKit) */ = {
			isa = PBXNativeTarget;
			buildConfigurationList = CEAB638B287CD72700ABD0A7 /* Build configuration list for PBXNativeTarget "RickAndMortyAPIDemo (UIKit)" */;
			buildPhases = (
				CEAB6376287CD72600ABD0A7 /* Sources */,
				CEAB6377287CD72600ABD0A7 /* Frameworks */,
				CEAB6378287CD72600ABD0A7 /* Resources */,
			);
			buildRules = (
			);
			dependencies = (
			);
			name = "RickAndMortyAPIDemo (UIKit)";
			productName = "RickAndMortyAPIDemo (UIKit)";
			productReference = CEAB637A287CD72600ABD0A7 /* RickAndMortyAPIDemo (UIKit).app */;
			productType = "com.apple.product-type.application";
		};
		CEE3D79727823E490078F12A /* RickAndMortyAPIDemo */ = {
			isa = PBXNativeTarget;
			buildConfigurationList = CEE3D7BC27823E4A0078F12A /* Build configuration list for PBXNativeTarget "RickAndMortyAPIDemo" */;
			buildPhases = (
				CEE3D79427823E490078F12A /* Sources */,
				CEE3D79527823E490078F12A /* Frameworks */,
				CEE3D79627823E490078F12A /* Resources */,
			);
			buildRules = (
			);
			dependencies = (
			);
			name = RickAndMortyAPIDemo;
			productName = RickAndMortyAPIDemo;
			productReference = CEE3D79827823E490078F12A /* RickAndMortyAPIDemo.app */;
			productType = "com.apple.product-type.application";
		};
		CEE3D7A727823E4A0078F12A /* RickAndMortyAPIDemoTests */ = {
			isa = PBXNativeTarget;
			buildConfigurationList = CEE3D7BF27823E4A0078F12A /* Build configuration list for PBXNativeTarget "RickAndMortyAPIDemoTests" */;
			buildPhases = (
				CEE3D7A427823E4A0078F12A /* Sources */,
				CEE3D7A527823E4A0078F12A /* Frameworks */,
				CEE3D7A627823E4A0078F12A /* Resources */,
			);
			buildRules = (
			);
			dependencies = (
				CEE3D7AA27823E4A0078F12A /* PBXTargetDependency */,
			);
			name = RickAndMortyAPIDemoTests;
			productName = RickAndMortyAPIDemoTests;
			productReference = CEE3D7A827823E4A0078F12A /* RickAndMortyAPIDemoTests.xctest */;
			productType = "com.apple.product-type.bundle.unit-test";
		};
		CEE3D7B127823E4A0078F12A /* RickAndMortyAPIDemoUITests */ = {
			isa = PBXNativeTarget;
			buildConfigurationList = CEE3D7C227823E4A0078F12A /* Build configuration list for PBXNativeTarget "RickAndMortyAPIDemoUITests" */;
			buildPhases = (
				CEE3D7AE27823E4A0078F12A /* Sources */,
				CEE3D7AF27823E4A0078F12A /* Frameworks */,
				CEE3D7B027823E4A0078F12A /* Resources */,
			);
			buildRules = (
			);
			dependencies = (
				CEE3D7B427823E4A0078F12A /* PBXTargetDependency */,
			);
			name = RickAndMortyAPIDemoUITests;
			productName = RickAndMortyAPIDemoUITests;
			productReference = CEE3D7B227823E4A0078F12A /* RickAndMortyAPIDemoUITests.xctest */;
			productType = "com.apple.product-type.bundle.ui-testing";
		};
/* End PBXNativeTarget section */

/* Begin PBXProject section */
		CEE3D79027823E490078F12A /* Project object */ = {
			isa = PBXProject;
			attributes = {
				BuildIndependentTargetsInParallel = 1;
				LastSwiftUpdateCheck = 1400;
				LastUpgradeCheck = 1320;
				TargetAttributes = {
					CEAB6379287CD72600ABD0A7 = {
						CreatedOnToolsVersion = 14.0;
					};
					CEE3D79727823E490078F12A = {
						CreatedOnToolsVersion = 13.2.1;
					};
					CEE3D7A727823E4A0078F12A = {
						CreatedOnToolsVersion = 13.2.1;
						TestTargetID = CEE3D79727823E490078F12A;
					};
					CEE3D7B127823E4A0078F12A = {
						CreatedOnToolsVersion = 13.2.1;
						TestTargetID = CEE3D79727823E490078F12A;
					};
				};
			};
			buildConfigurationList = CEE3D79327823E490078F12A /* Build configuration list for PBXProject "RickAndMortyAPIDemo" */;
			compatibilityVersion = "Xcode 13.0";
			developmentRegion = en;
			hasScannedForEncodings = 0;
			knownRegions = (
				en,
				Base,
			);
			mainGroup = CEE3D78F27823E490078F12A;
			productRefGroup = CEE3D79927823E490078F12A /* Products */;
			projectDirPath = "";
			projectRoot = "";
			targets = (
				CEE3D79727823E490078F12A /* RickAndMortyAPIDemo */,
				CEE3D7A727823E4A0078F12A /* RickAndMortyAPIDemoTests */,
				CEE3D7B127823E4A0078F12A /* RickAndMortyAPIDemoUITests */,
				CEAB6379287CD72600ABD0A7 /* RickAndMortyAPIDemo (UIKit) */,
			);
		};
/* End PBXProject section */

/* Begin PBXResourcesBuildPhase section */
		CEAB6378287CD72600ABD0A7 /* Resources */ = {
			isa = PBXResourcesBuildPhase;
			buildActionMask = 2147483647;
			files = (
				CEAB6389287CD72700ABD0A7 /* LaunchScreen.storyboard in Resources */,
				CEAB6386287CD72700ABD0A7 /* Assets.xcassets in Resources */,
			);
			runOnlyForDeploymentPostprocessing = 0;
		};
		CEE3D79627823E490078F12A /* Resources */ = {
			isa = PBXResourcesBuildPhase;
			buildActionMask = 2147483647;
			files = (
				CEE3D7A327823E4A0078F12A /* Preview Assets.xcassets in Resources */,
				CEE3D7A027823E4A0078F12A /* Assets.xcassets in Resources */,
			);
			runOnlyForDeploymentPostprocessing = 0;
		};
		CEE3D7A627823E4A0078F12A /* Resources */ = {
			isa = PBXResourcesBuildPhase;
			buildActionMask = 2147483647;
			files = (
			);
			runOnlyForDeploymentPostprocessing = 0;
		};
		CEE3D7B027823E4A0078F12A /* Resources */ = {
			isa = PBXResourcesBuildPhase;
			buildActionMask = 2147483647;
			files = (
			);
			runOnlyForDeploymentPostprocessing = 0;
		};
/* End PBXResourcesBuildPhase section */

/* Begin PBXSourcesBuildPhase section */
		CEAB6376287CD72600ABD0A7 /* Sources */ = {
			isa = PBXSourcesBuildPhase;
			buildActionMask = 2147483647;
			files = (
				CEAB6394287CD92E00ABD0A7 /* EpisodesViewController.swift in Sources */,
				CEF4B2C1287E13DB00466174 /* Cloud.EpisodeResponse.swift in Sources */,
				CEF4B2C8287F6E4700466174 /* CharacterDetailViewController.swift in Sources */,
				CEF4B2C4287E13E000466174 /* UINavigationControllerExtension.swift in Sources */,
				CEF4B2C6287F206900466174 /* CharacterCell.swift in Sources */,
				CEF4B2CA287FAB6700466174 /* EpisodeDetailViewController.swift in Sources */,
				CEAB6390287CD90200ABD0A7 /* CharactersViewController.swift in Sources */,
				CEF4B2BB287E13D500466174 /* Location.swift in Sources */,
				CEAB6392287CD92000ABD0A7 /* LocationsViewController.swift in Sources */,
				CEAB6381287CD72600ABD0A7 /* MainViewController.swift in Sources */,
				CEF4B2BF287E13DB00466174 /* Cloud.CharacterResponse.swift in Sources */,
				CEAB637D287CD72600ABD0A7 /* AppDelegate.swift in Sources */,
				CEAB637F287CD72600ABD0A7 /* SceneDelegate.swift in Sources */,
				CEF4B2BD287E13D500466174 /* Character.swift in Sources */,
				CE478359288B197C007393FB /* DetailCell.swift in Sources */,
				CEF4B2C0287E13DB00466174 /* Cloud.LocationResponse.swift in Sources */,
				CEF4B2C2287E13DB00466174 /* Cloud.ErrorResponse.swift in Sources */,
				CEF4B2CE287FAF7100466174 /* DetailNavigationController.swift in Sources */,
				CEF4B2CC287FAB7400466174 /* LocationDetailViewController.swift in Sources */,
				CEF4B2BE287E13DB00466174 /* Cloud.InfoResponse.swift in Sources */,
				CEF4B2C3287E13DB00466174 /* Cloud.swift in Sources */,
				CEF4B2BC287E13D500466174 /* Episode.swift in Sources */,
				CE4783572885AA3B007393FB /* EpisodeCell.swift in Sources */,
				CEF4B2B9287E134500466174 /* ViewModel.swift in Sources */,
			);
			runOnlyForDeploymentPostprocessing = 0;
		};
		CEE3D79427823E490078F12A /* Sources */ = {
			isa = PBXSourcesBuildPhase;
			buildActionMask = 2147483647;
			files = (
				CE52A6AD279DE4610019319C /* LocationDetailView.swift in Sources */,
				CE4AA6072784C57E00D188F0 /* CharacterDetailView.swift in Sources */,
				CEE3D79E27823E490078F12A /* MainView.swift in Sources */,
				CEAB62BD287C6D5800ABD0A7 /* DetailText.swift in Sources */,
				CE52A6AF279DE46E0019319C /* EpisodeDetailView.swift in Sources */,
				CE4AA6052783975300D188F0 /* Cloud.EpisodeResponse.swift in Sources */,
				CEE3ECCE27852BB400C18E59 /* Cloud.InfoResponse.swift in Sources */,
				CEE3D7CE2782419B0078F12A /* Cloud.ErrorResponse.swift in Sources */,
				CEE3D7D3278264670078F12A /* Character.swift in Sources */,
				CEE3D7C927823E9C0078F12A /* Cloud.swift in Sources */,
				CEE3D7D927826F940078F12A /* CharactersList.swift in Sources */,
				CEAB62BB287B5C7900ABD0A7 /* UINavigationControllerExtension.swift in Sources */,
				CE4AA601278392FE00D188F0 /* EpisodesList.swift in Sources */,
				CEE3D7CB27823EA30078F12A /* Cloud.CharacterResponse.swift in Sources */,
				CE4AA5FF278392F200D188F0 /* LocationsList.swift in Sources */,
				CEE3D7D0278244CB0078F12A /* ViewModel.swift in Sources */,
				CE01CB27285FE1DF00C0D73D /* LocationRow.swift in Sources */,
				CE4AA6032783974100D188F0 /* Cloud.LocationResponse.swift in Sources */,
				CEB4851827AF7665001B0BB5 /* CharacterCell.swift in Sources */,
				CE52A6B1279F56140019319C /* EpisodeRow.swift in Sources */,
				CEE3D79C27823E490078F12A /* RickAndMortyAPIDemoApp.swift in Sources */,
				CE7FF2B32873BC4E00067A18 /* CharactersGrid.swift in Sources */,
				CEE3D7D7278265CB0078F12A /* Episode.swift in Sources */,
				CEE3D7D52782652A0078F12A /* Location.swift in Sources */,
			);
			runOnlyForDeploymentPostprocessing = 0;
		};
		CEE3D7A427823E4A0078F12A /* Sources */ = {
			isa = PBXSourcesBuildPhase;
			buildActionMask = 2147483647;
			files = (
				CEE3D7AD27823E4A0078F12A /* RickAndMortyAPIDemoTests.swift in Sources */,
			);
			runOnlyForDeploymentPostprocessing = 0;
		};
		CEE3D7AE27823E4A0078F12A /* Sources */ = {
			isa = PBXSourcesBuildPhase;
			buildActionMask = 2147483647;
			files = (
				CEE3D7B727823E4A0078F12A /* RickAndMortyAPIDemoUITests.swift in Sources */,
				CEE3D7B927823E4A0078F12A /* RickAndMortyAPIDemoUITestsLaunchTests.swift in Sources */,
			);
			runOnlyForDeploymentPostprocessing = 0;
		};
/* End PBXSourcesBuildPhase section */

/* Begin PBXTargetDependency section */
		CEE3D7AA27823E4A0078F12A /* PBXTargetDependency */ = {
			isa = PBXTargetDependency;
			target = CEE3D79727823E490078F12A /* RickAndMortyAPIDemo */;
			targetProxy = CEE3D7A927823E4A0078F12A /* PBXContainerItemProxy */;
		};
		CEE3D7B427823E4A0078F12A /* PBXTargetDependency */ = {
			isa = PBXTargetDependency;
			target = CEE3D79727823E490078F12A /* RickAndMortyAPIDemo */;
			targetProxy = CEE3D7B327823E4A0078F12A /* PBXContainerItemProxy */;
		};
/* End PBXTargetDependency section */

/* Begin PBXVariantGroup section */
		CEAB6387287CD72700ABD0A7 /* LaunchScreen.storyboard */ = {
			isa = PBXVariantGroup;
			children = (
				CEAB6388287CD72700ABD0A7 /* Base */,
			);
			name = LaunchScreen.storyboard;
			sourceTree = "<group>";
		};
/* End PBXVariantGroup section */

/* Begin XCBuildConfiguration section */
		CEAB638C287CD72700ABD0A7 /* Debug */ = {
			isa = XCBuildConfiguration;
			buildSettings = {
				ASSETCATALOG_COMPILER_APPICON_NAME = AppIcon;
				ASSETCATALOG_COMPILER_GLOBAL_ACCENT_COLOR_NAME = AccentColor;
				CLANG_CXX_LANGUAGE_STANDARD = "gnu++20";
				CODE_SIGN_STYLE = Automatic;
				CURRENT_PROJECT_VERSION = 1;
				DEVELOPMENT_TEAM = 6QZ9XG2QTM;
				GENERATE_INFOPLIST_FILE = YES;
				INFOPLIST_FILE = "RickAndMortyAPIDemo (UIKit)/Info.plist";
				INFOPLIST_KEY_CFBundleDisplayName = "Rick (UIKit)";
				INFOPLIST_KEY_UIApplicationSupportsIndirectInputEvents = YES;
				INFOPLIST_KEY_UILaunchStoryboardName = LaunchScreen;
				INFOPLIST_KEY_UISupportedInterfaceOrientations_iPad = "UIInterfaceOrientationPortrait UIInterfaceOrientationPortraitUpsideDown UIInterfaceOrientationLandscapeLeft UIInterfaceOrientationLandscapeRight";
				INFOPLIST_KEY_UISupportedInterfaceOrientations_iPhone = "UIInterfaceOrientationPortrait UIInterfaceOrientationLandscapeLeft UIInterfaceOrientationLandscapeRight";
				IPHONEOS_DEPLOYMENT_TARGET = 15.0;
				LD_RUNPATH_SEARCH_PATHS = (
					"$(inherited)",
					"@executable_path/Frameworks",
				);
				MARKETING_VERSION = 1.0;
				PRODUCT_BUNDLE_IDENTIFIER = com.curiousfind.RickAndMortyAPIDemoUIKit;
				PRODUCT_NAME = "$(TARGET_NAME)";
				SWIFT_EMIT_LOC_STRINGS = YES;
				SWIFT_VERSION = 5.0;
				TARGETED_DEVICE_FAMILY = "1,2";
			};
			name = Debug;
		};
		CEAB638D287CD72700ABD0A7 /* Release */ = {
			isa = XCBuildConfiguration;
			buildSettings = {
				ASSETCATALOG_COMPILER_APPICON_NAME = AppIcon;
				ASSETCATALOG_COMPILER_GLOBAL_ACCENT_COLOR_NAME = AccentColor;
				CLANG_CXX_LANGUAGE_STANDARD = "gnu++20";
				CODE_SIGN_STYLE = Automatic;
				CURRENT_PROJECT_VERSION = 1;
				DEVELOPMENT_TEAM = 6QZ9XG2QTM;
				GENERATE_INFOPLIST_FILE = YES;
				INFOPLIST_FILE = "RickAndMortyAPIDemo (UIKit)/Info.plist";
				INFOPLIST_KEY_CFBundleDisplayName = "Rick (UIKit)";
				INFOPLIST_KEY_UIApplicationSupportsIndirectInputEvents = YES;
				INFOPLIST_KEY_UILaunchStoryboardName = LaunchScreen;
				INFOPLIST_KEY_UISupportedInterfaceOrientations_iPad = "UIInterfaceOrientationPortrait UIInterfaceOrientationPortraitUpsideDown UIInterfaceOrientationLandscapeLeft UIInterfaceOrientationLandscapeRight";
				INFOPLIST_KEY_UISupportedInterfaceOrientations_iPhone = "UIInterfaceOrientationPortrait UIInterfaceOrientationLandscapeLeft UIInterfaceOrientationLandscapeRight";
				IPHONEOS_DEPLOYMENT_TARGET = 15.0;
				LD_RUNPATH_SEARCH_PATHS = (
					"$(inherited)",
					"@executable_path/Frameworks",
				);
				MARKETING_VERSION = 1.0;
				PRODUCT_BUNDLE_IDENTIFIER = com.curiousfind.RickAndMortyAPIDemoUIKit;
				PRODUCT_NAME = "$(TARGET_NAME)";
				SWIFT_EMIT_LOC_STRINGS = YES;
				SWIFT_VERSION = 5.0;
				TARGETED_DEVICE_FAMILY = "1,2";
			};
			name = Release;
		};
		CEE3D7BA27823E4A0078F12A /* Debug */ = {
			isa = XCBuildConfiguration;
			buildSettings = {
				ALWAYS_SEARCH_USER_PATHS = NO;
				CLANG_ANALYZER_NONNULL = YES;
				CLANG_ANALYZER_NUMBER_OBJECT_CONVERSION = YES_AGGRESSIVE;
				CLANG_CXX_LANGUAGE_STANDARD = "gnu++17";
				CLANG_CXX_LIBRARY = "libc++";
				CLANG_ENABLE_MODULES = YES;
				CLANG_ENABLE_OBJC_ARC = YES;
				CLANG_ENABLE_OBJC_WEAK = YES;
				CLANG_WARN_BLOCK_CAPTURE_AUTORELEASING = YES;
				CLANG_WARN_BOOL_CONVERSION = YES;
				CLANG_WARN_COMMA = YES;
				CLANG_WARN_CONSTANT_CONVERSION = YES;
				CLANG_WARN_DEPRECATED_OBJC_IMPLEMENTATIONS = YES;
				CLANG_WARN_DIRECT_OBJC_ISA_USAGE = YES_ERROR;
				CLANG_WARN_DOCUMENTATION_COMMENTS = YES;
				CLANG_WARN_EMPTY_BODY = YES;
				CLANG_WARN_ENUM_CONVERSION = YES;
				CLANG_WARN_INFINITE_RECURSION = YES;
				CLANG_WARN_INT_CONVERSION = YES;
				CLANG_WARN_NON_LITERAL_NULL_CONVERSION = YES;
				CLANG_WARN_OBJC_IMPLICIT_RETAIN_SELF = YES;
				CLANG_WARN_OBJC_LITERAL_CONVERSION = YES;
				CLANG_WARN_OBJC_ROOT_CLASS = YES_ERROR;
				CLANG_WARN_QUOTED_INCLUDE_IN_FRAMEWORK_HEADER = YES;
				CLANG_WARN_RANGE_LOOP_ANALYSIS = YES;
				CLANG_WARN_STRICT_PROTOTYPES = YES;
				CLANG_WARN_SUSPICIOUS_MOVE = YES;
				CLANG_WARN_UNGUARDED_AVAILABILITY = YES_AGGRESSIVE;
				CLANG_WARN_UNREACHABLE_CODE = YES;
				CLANG_WARN__DUPLICATE_METHOD_MATCH = YES;
				COPY_PHASE_STRIP = NO;
				DEBUG_INFORMATION_FORMAT = dwarf;
				ENABLE_STRICT_OBJC_MSGSEND = YES;
				ENABLE_TESTABILITY = YES;
				GCC_C_LANGUAGE_STANDARD = gnu11;
				GCC_DYNAMIC_NO_PIC = NO;
				GCC_NO_COMMON_BLOCKS = YES;
				GCC_OPTIMIZATION_LEVEL = 0;
				GCC_PREPROCESSOR_DEFINITIONS = (
					"DEBUG=1",
					"$(inherited)",
				);
				GCC_WARN_64_TO_32_BIT_CONVERSION = YES;
				GCC_WARN_ABOUT_RETURN_TYPE = YES_ERROR;
				GCC_WARN_UNDECLARED_SELECTOR = YES;
				GCC_WARN_UNINITIALIZED_AUTOS = YES_AGGRESSIVE;
				GCC_WARN_UNUSED_FUNCTION = YES;
				GCC_WARN_UNUSED_VARIABLE = YES;
				IPHONEOS_DEPLOYMENT_TARGET = 16.0;
				MTL_ENABLE_DEBUG_INFO = INCLUDE_SOURCE;
				MTL_FAST_MATH = YES;
				ONLY_ACTIVE_ARCH = YES;
				SDKROOT = iphoneos;
				SWIFT_ACTIVE_COMPILATION_CONDITIONS = DEBUG;
				SWIFT_OPTIMIZATION_LEVEL = "-Onone";
			};
			name = Debug;
		};
		CEE3D7BB27823E4A0078F12A /* Release */ = {
			isa = XCBuildConfiguration;
			buildSettings = {
				ALWAYS_SEARCH_USER_PATHS = NO;
				CLANG_ANALYZER_NONNULL = YES;
				CLANG_ANALYZER_NUMBER_OBJECT_CONVERSION = YES_AGGRESSIVE;
				CLANG_CXX_LANGUAGE_STANDARD = "gnu++17";
				CLANG_CXX_LIBRARY = "libc++";
				CLANG_ENABLE_MODULES = YES;
				CLANG_ENABLE_OBJC_ARC = YES;
				CLANG_ENABLE_OBJC_WEAK = YES;
				CLANG_WARN_BLOCK_CAPTURE_AUTORELEASING = YES;
				CLANG_WARN_BOOL_CONVERSION = YES;
				CLANG_WARN_COMMA = YES;
				CLANG_WARN_CONSTANT_CONVERSION = YES;
				CLANG_WARN_DEPRECATED_OBJC_IMPLEMENTATIONS = YES;
				CLANG_WARN_DIRECT_OBJC_ISA_USAGE = YES_ERROR;
				CLANG_WARN_DOCUMENTATION_COMMENTS = YES;
				CLANG_WARN_EMPTY_BODY = YES;
				CLANG_WARN_ENUM_CONVERSION = YES;
				CLANG_WARN_INFINITE_RECURSION = YES;
				CLANG_WARN_INT_CONVERSION = YES;
				CLANG_WARN_NON_LITERAL_NULL_CONVERSION = YES;
				CLANG_WARN_OBJC_IMPLICIT_RETAIN_SELF = YES;
				CLANG_WARN_OBJC_LITERAL_CONVERSION = YES;
				CLANG_WARN_OBJC_ROOT_CLASS = YES_ERROR;
				CLANG_WARN_QUOTED_INCLUDE_IN_FRAMEWORK_HEADER = YES;
				CLANG_WARN_RANGE_LOOP_ANALYSIS = YES;
				CLANG_WARN_STRICT_PROTOTYPES = YES;
				CLANG_WARN_SUSPICIOUS_MOVE = YES;
				CLANG_WARN_UNGUARDED_AVAILABILITY = YES_AGGRESSIVE;
				CLANG_WARN_UNREACHABLE_CODE = YES;
				CLANG_WARN__DUPLICATE_METHOD_MATCH = YES;
				COPY_PHASE_STRIP = NO;
				DEBUG_INFORMATION_FORMAT = "dwarf-with-dsym";
				ENABLE_NS_ASSERTIONS = NO;
				ENABLE_STRICT_OBJC_MSGSEND = YES;
				GCC_C_LANGUAGE_STANDARD = gnu11;
				GCC_NO_COMMON_BLOCKS = YES;
				GCC_WARN_64_TO_32_BIT_CONVERSION = YES;
				GCC_WARN_ABOUT_RETURN_TYPE = YES_ERROR;
				GCC_WARN_UNDECLARED_SELECTOR = YES;
				GCC_WARN_UNINITIALIZED_AUTOS = YES_AGGRESSIVE;
				GCC_WARN_UNUSED_FUNCTION = YES;
				GCC_WARN_UNUSED_VARIABLE = YES;
				IPHONEOS_DEPLOYMENT_TARGET = 16.0;
				MTL_ENABLE_DEBUG_INFO = NO;
				MTL_FAST_MATH = YES;
				SDKROOT = iphoneos;
				SWIFT_COMPILATION_MODE = wholemodule;
				SWIFT_OPTIMIZATION_LEVEL = "-O";
				VALIDATE_PRODUCT = YES;
			};
			name = Release;
		};
		CEE3D7BD27823E4A0078F12A /* Debug */ = {
			isa = XCBuildConfiguration;
			buildSettings = {
				ASSETCATALOG_COMPILER_APPICON_NAME = AppIcon;
				ASSETCATALOG_COMPILER_GLOBAL_ACCENT_COLOR_NAME = AccentColor;
				CODE_SIGN_STYLE = Automatic;
				CURRENT_PROJECT_VERSION = 1;
				DEVELOPMENT_ASSET_PATHS = "\"RickAndMortyAPIDemo/Preview Content\"";
				DEVELOPMENT_TEAM = 6QZ9XG2QTM;
				ENABLE_PREVIEWS = YES;
				GENERATE_INFOPLIST_FILE = YES;
				INFOPLIST_KEY_CFBundleDisplayName = "Morty (SwiftUI)";
				INFOPLIST_KEY_UIApplicationSceneManifest_Generation = YES;
				INFOPLIST_KEY_UIApplicationSupportsIndirectInputEvents = YES;
				INFOPLIST_KEY_UILaunchScreen_Generation = YES;
				INFOPLIST_KEY_UISupportedInterfaceOrientations = UIInterfaceOrientationLandscapeRight;
				INFOPLIST_KEY_UISupportedInterfaceOrientations_iPad = "UIInterfaceOrientationPortrait UIInterfaceOrientationPortraitUpsideDown UIInterfaceOrientationLandscapeLeft UIInterfaceOrientationLandscapeRight";
				INFOPLIST_KEY_UISupportedInterfaceOrientations_iPhone = "UIInterfaceOrientationPortrait UIInterfaceOrientationLandscapeLeft UIInterfaceOrientationLandscapeRight";
				IPHONEOS_DEPLOYMENT_TARGET = 16.0;
				LD_RUNPATH_SEARCH_PATHS = (
					"$(inherited)",
					"@executable_path/Frameworks",
				);
				MARKETING_VERSION = 1.0;
				PRODUCT_BUNDLE_IDENTIFIER = com.curiousfind.RickAndMortyAPIDemo;
				PRODUCT_NAME = "$(TARGET_NAME)";
				SWIFT_EMIT_LOC_STRINGS = YES;
				SWIFT_VERSION = 5.0;
				TARGETED_DEVICE_FAMILY = "1,2";
			};
			name = Debug;
		};
		CEE3D7BE27823E4A0078F12A /* Release */ = {
			isa = XCBuildConfiguration;
			buildSettings = {
				ASSETCATALOG_COMPILER_APPICON_NAME = AppIcon;
				ASSETCATALOG_COMPILER_GLOBAL_ACCENT_COLOR_NAME = AccentColor;
				CODE_SIGN_STYLE = Automatic;
				CURRENT_PROJECT_VERSION = 1;
				DEVELOPMENT_ASSET_PATHS = "\"RickAndMortyAPIDemo/Preview Content\"";
				DEVELOPMENT_TEAM = 6QZ9XG2QTM;
				ENABLE_PREVIEWS = YES;
				GENERATE_INFOPLIST_FILE = YES;
				INFOPLIST_KEY_CFBundleDisplayName = "Morty (SwiftUI)";
				INFOPLIST_KEY_UIApplicationSceneManifest_Generation = YES;
				INFOPLIST_KEY_UIApplicationSupportsIndirectInputEvents = YES;
				INFOPLIST_KEY_UILaunchScreen_Generation = YES;
				INFOPLIST_KEY_UISupportedInterfaceOrientations = UIInterfaceOrientationLandscapeRight;
				INFOPLIST_KEY_UISupportedInterfaceOrientations_iPad = "UIInterfaceOrientationPortrait UIInterfaceOrientationPortraitUpsideDown UIInterfaceOrientationLandscapeLeft UIInterfaceOrientationLandscapeRight";
				INFOPLIST_KEY_UISupportedInterfaceOrientations_iPhone = "UIInterfaceOrientationPortrait UIInterfaceOrientationLandscapeLeft UIInterfaceOrientationLandscapeRight";
				IPHONEOS_DEPLOYMENT_TARGET = 16.0;
				LD_RUNPATH_SEARCH_PATHS = (
					"$(inherited)",
					"@executable_path/Frameworks",
				);
				MARKETING_VERSION = 1.0;
				PRODUCT_BUNDLE_IDENTIFIER = com.curiousfind.RickAndMortyAPIDemo;
				PRODUCT_NAME = "$(TARGET_NAME)";
				SWIFT_EMIT_LOC_STRINGS = YES;
				SWIFT_VERSION = 5.0;
				TARGETED_DEVICE_FAMILY = "1,2";
			};
			name = Release;
		};
		CEE3D7C027823E4A0078F12A /* Debug */ = {
			isa = XCBuildConfiguration;
			buildSettings = {
				ALWAYS_EMBED_SWIFT_STANDARD_LIBRARIES = YES;
				BUNDLE_LOADER = "$(TEST_HOST)";
				CODE_SIGN_STYLE = Automatic;
				CURRENT_PROJECT_VERSION = 1;
				GENERATE_INFOPLIST_FILE = YES;
				IPHONEOS_DEPLOYMENT_TARGET = 15.2;
				MARKETING_VERSION = 1.0;
				PRODUCT_BUNDLE_IDENTIFIER = com.curiousfind.RickAndMortyAPIDemoTests;
				PRODUCT_NAME = "$(TARGET_NAME)";
				SWIFT_EMIT_LOC_STRINGS = NO;
				SWIFT_VERSION = 5.0;
				TARGETED_DEVICE_FAMILY = "1,2";
				TEST_HOST = "$(BUILT_PRODUCTS_DIR)/RickAndMortyAPIDemo.app/RickAndMortyAPIDemo";
			};
			name = Debug;
		};
		CEE3D7C127823E4A0078F12A /* Release */ = {
			isa = XCBuildConfiguration;
			buildSettings = {
				ALWAYS_EMBED_SWIFT_STANDARD_LIBRARIES = YES;
				BUNDLE_LOADER = "$(TEST_HOST)";
				CODE_SIGN_STYLE = Automatic;
				CURRENT_PROJECT_VERSION = 1;
				GENERATE_INFOPLIST_FILE = YES;
				IPHONEOS_DEPLOYMENT_TARGET = 15.2;
				MARKETING_VERSION = 1.0;
				PRODUCT_BUNDLE_IDENTIFIER = com.curiousfind.RickAndMortyAPIDemoTests;
				PRODUCT_NAME = "$(TARGET_NAME)";
				SWIFT_EMIT_LOC_STRINGS = NO;
				SWIFT_VERSION = 5.0;
				TARGETED_DEVICE_FAMILY = "1,2";
				TEST_HOST = "$(BUILT_PRODUCTS_DIR)/RickAndMortyAPIDemo.app/RickAndMortyAPIDemo";
			};
			name = Release;
		};
		CEE3D7C327823E4A0078F12A /* Debug */ = {
			isa = XCBuildConfiguration;
			buildSettings = {
				ALWAYS_EMBED_SWIFT_STANDARD_LIBRARIES = YES;
				ASSETCATALOG_COMPILER_APPICON_NAME = AppIcon;
				CODE_SIGN_STYLE = Automatic;
				CURRENT_PROJECT_VERSION = 1;
				GENERATE_INFOPLIST_FILE = YES;
				INFOPLIST_KEY_CFBundleDisplayName = "Morty (SwiftUI)";
				MARKETING_VERSION = 1.0;
				PRODUCT_BUNDLE_IDENTIFIER = com.curiousfind.RickAndMortyAPIDemoUITests;
				PRODUCT_NAME = "$(TARGET_NAME)";
				SWIFT_EMIT_LOC_STRINGS = NO;
				SWIFT_VERSION = 5.0;
				TARGETED_DEVICE_FAMILY = "1,2";
				TEST_TARGET_NAME = RickAndMortyAPIDemo;
			};
			name = Debug;
		};
		CEE3D7C427823E4A0078F12A /* Release */ = {
			isa = XCBuildConfiguration;
			buildSettings = {
				ALWAYS_EMBED_SWIFT_STANDARD_LIBRARIES = YES;
				ASSETCATALOG_COMPILER_APPICON_NAME = AppIcon;
				CODE_SIGN_STYLE = Automatic;
				CURRENT_PROJECT_VERSION = 1;
				GENERATE_INFOPLIST_FILE = YES;
				INFOPLIST_KEY_CFBundleDisplayName = "Morty (SwiftUI)";
				MARKETING_VERSION = 1.0;
				PRODUCT_BUNDLE_IDENTIFIER = com.curiousfind.RickAndMortyAPIDemoUITests;
				PRODUCT_NAME = "$(TARGET_NAME)";
				SWIFT_EMIT_LOC_STRINGS = NO;
				SWIFT_VERSION = 5.0;
				TARGETED_DEVICE_FAMILY = "1,2";
				TEST_TARGET_NAME = RickAndMortyAPIDemo;
			};
			name = Release;
		};
/* End XCBuildConfiguration section */

/* Begin XCConfigurationList section */
		CEAB638B287CD72700ABD0A7 /* Build configuration list for PBXNativeTarget "RickAndMortyAPIDemo (UIKit)" */ = {
			isa = XCConfigurationList;
			buildConfigurations = (
				CEAB638C287CD72700ABD0A7 /* Debug */,
				CEAB638D287CD72700ABD0A7 /* Release */,
			);
			defaultConfigurationIsVisible = 0;
			defaultConfigurationName = Release;
		};
		CEE3D79327823E490078F12A /* Build configuration list for PBXProject "RickAndMortyAPIDemo" */ = {
			isa = XCConfigurationList;
			buildConfigurations = (
				CEE3D7BA27823E4A0078F12A /* Debug */,
				CEE3D7BB27823E4A0078F12A /* Release */,
			);
			defaultConfigurationIsVisible = 0;
			defaultConfigurationName = Release;
		};
		CEE3D7BC27823E4A0078F12A /* Build configuration list for PBXNativeTarget "RickAndMortyAPIDemo" */ = {
			isa = XCConfigurationList;
			buildConfigurations = (
				CEE3D7BD27823E4A0078F12A /* Debug */,
				CEE3D7BE27823E4A0078F12A /* Release */,
			);
			defaultConfigurationIsVisible = 0;
			defaultConfigurationName = Release;
		};
		CEE3D7BF27823E4A0078F12A /* Build configuration list for PBXNativeTarget "RickAndMortyAPIDemoTests" */ = {
			isa = XCConfigurationList;
			buildConfigurations = (
				CEE3D7C027823E4A0078F12A /* Debug */,
				CEE3D7C127823E4A0078F12A /* Release */,
			);
			defaultConfigurationIsVisible = 0;
			defaultConfigurationName = Release;
		};
		CEE3D7C227823E4A0078F12A /* Build configuration list for PBXNativeTarget "RickAndMortyAPIDemoUITests" */ = {
			isa = XCConfigurationList;
			buildConfigurations = (
				CEE3D7C327823E4A0078F12A /* Debug */,
				CEE3D7C427823E4A0078F12A /* Release */,
			);
			defaultConfigurationIsVisible = 0;
			defaultConfigurationName = Release;
		};
/* End XCConfigurationList section */
	};
	rootObject = CEE3D79027823E490078F12A /* Project object */;
}
